
Microsoft Visual Studio Solution File, Format Version 12.00
# Visual Studio Version 17
VisualStudioVersion = 17.9.34622.214
MinimumVisualStudioVersion = 10.0.40219.1
Project("{2150E333-8FDC-42A3-9474-1A3956D46DE8}") = "Services", "Services", "{CFBB2CB3-0AB0-40B7-B74B-83BB7E43ACDE}"
EndProject
Project("{2150E333-8FDC-42A3-9474-1A3956D46DE8}") = "Catalog", "Catalog", "{CBFB3FA0-9024-454F-A838-4096B6A4A8FB}"
EndProject
Project("{9A19103F-16F7-4668-BE54-9A1E7A4F7556}") = "Catalog.API", "Services\Catalog\Catalog.API\Catalog.API.csproj", "{4C9EFDFC-9FD6-4D57-9818-67E0188E3366}"
EndProject
Project("{2150E333-8FDC-42A3-9474-1A3956D46DE8}") = "BuildingBlocks", "BuildingBlocks", "{ABE68394-2E8E-43A4-891A-D47E5B76420F}"
EndProject
Project("{9A19103F-16F7-4668-BE54-9A1E7A4F7556}") = "BuildingBlocks", "BuildingBlocks\BuildingBlocks\BuildingBlocks.csproj", "{7B202CB1-FA7B-441D-8708-D12B8475B083}"
EndProject
Project("{E53339B2-1760-4266-BCC7-CA923CBCF16C}") = "docker-compose", "docker-compose.dcproj", "{32116939-F477-4067-9F32-1EC498D8259A}"
EndProject
Project("{2150E333-8FDC-42A3-9474-1A3956D46DE8}") = "Basket", "Basket", "{3F627481-7E47-4A3D-86C4-F8DC651D77AE}"
EndProject
Project("{9A19103F-16F7-4668-BE54-9A1E7A4F7556}") = "Basket.API", "Services\Basket\Basket.API\Basket.API.csproj", "{5FF8FA32-F4C2-48A5-8E10-82B28AE1C14F}"
EndProject
Project("{2150E333-8FDC-42A3-9474-1A3956D46DE8}") = "Discount", "Discount", "{206B54A3-386D-472A-B8B5-F1AD9CB4F26A}"
EndProject
Project("{9A19103F-16F7-4668-BE54-9A1E7A4F7556}") = "Discount.gRPC", "Services\Discount\Discount.gRPC\Discount.gRPC.csproj", "{A9E96889-D04C-4385-90F6-DDCEE567B575}"
EndProject
Project("{2150E333-8FDC-42A3-9474-1A3956D46DE8}") = "Ordering", "Ordering", "{54DA2ABC-B0A2-40A6-98B8-EB7C49CBB490}"
EndProject
Project("{9A19103F-16F7-4668-BE54-9A1E7A4F7556}") = "Ordering.API", "Services\Ordering\Ordering.API\Ordering.API.csproj", "{1B4AF630-8F4E-4881-862A-054F975B2F3C}"
EndProject
Project("{FAE04EC0-301F-11D3-BF4B-00C04F79EFBC}") = "Ordering.Domain", "Services\Ordering\Ordering.Domain\Ordering.Domain.csproj", "{9846A485-3636-4A3E-8FA3-DF0376FE6576}"
EndProject
Project("{FAE04EC0-301F-11D3-BF4B-00C04F79EFBC}") = "Ordering.Application", "Services\Ordering\Ordering.Application\Ordering.Application.csproj", "{BC6F398E-4308-4CCC-8EE5-1529C5593D85}"
EndProject
Project("{FAE04EC0-301F-11D3-BF4B-00C04F79EFBC}") = "Ordering.Infrastructure", "Services\Ordering\Ordering.Infrastructure\Ordering.Infrastructure.csproj", "{8233BB3C-2A0E-4EED-BC14-8728FBF851C9}"
EndProject
Global
	GlobalSection(SolutionConfigurationPlatforms) = preSolution
		Debug|Any CPU = Debug|Any CPU
		Release|Any CPU = Release|Any CPU
	EndGlobalSection
	GlobalSection(ProjectConfigurationPlatforms) = postSolution
		{4C9EFDFC-9FD6-4D57-9818-67E0188E3366}.Debug|Any CPU.ActiveCfg = Debug|Any CPU
		{4C9EFDFC-9FD6-4D57-9818-67E0188E3366}.Debug|Any CPU.Build.0 = Debug|Any CPU
		{4C9EFDFC-9FD6-4D57-9818-67E0188E3366}.Release|Any CPU.ActiveCfg = Release|Any CPU
		{4C9EFDFC-9FD6-4D57-9818-67E0188E3366}.Release|Any CPU.Build.0 = Release|Any CPU
		{7B202CB1-FA7B-441D-8708-D12B8475B083}.Debug|Any CPU.ActiveCfg = Debug|Any CPU
		{7B202CB1-FA7B-441D-8708-D12B8475B083}.Debug|Any CPU.Build.0 = Debug|Any CPU
		{7B202CB1-FA7B-441D-8708-D12B8475B083}.Release|Any CPU.ActiveCfg = Release|Any CPU
		{7B202CB1-FA7B-441D-8708-D12B8475B083}.Release|Any CPU.Build.0 = Release|Any CPU
		{32116939-F477-4067-9F32-1EC498D8259A}.Debug|Any CPU.ActiveCfg = Debug|Any CPU
		{32116939-F477-4067-9F32-1EC498D8259A}.Debug|Any CPU.Build.0 = Debug|Any CPU
		{32116939-F477-4067-9F32-1EC498D8259A}.Release|Any CPU.ActiveCfg = Release|Any CPU
		{32116939-F477-4067-9F32-1EC498D8259A}.Release|Any CPU.Build.0 = Release|Any CPU
		{5FF8FA32-F4C2-48A5-8E10-82B28AE1C14F}.Debug|Any CPU.ActiveCfg = Debug|Any CPU
		{5FF8FA32-F4C2-48A5-8E10-82B28AE1C14F}.Debug|Any CPU.Build.0 = Debug|Any CPU
		{5FF8FA32-F4C2-48A5-8E10-82B28AE1C14F}.Release|Any CPU.ActiveCfg = Release|Any CPU
		{5FF8FA32-F4C2-48A5-8E10-82B28AE1C14F}.Release|Any CPU.Build.0 = Release|Any CPU
		{A9E96889-D04C-4385-90F6-DDCEE567B575}.Debug|Any CPU.ActiveCfg = Debug|Any CPU
		{A9E96889-D04C-4385-90F6-DDCEE567B575}.Debug|Any CPU.Build.0 = Debug|Any CPU
		{A9E96889-D04C-4385-90F6-DDCEE567B575}.Release|Any CPU.ActiveCfg = Release|Any CPU
		{A9E96889-D04C-4385-90F6-DDCEE567B575}.Release|Any CPU.Build.0 = Release|Any CPU
		{1B4AF630-8F4E-4881-862A-054F975B2F3C}.Debug|Any CPU.ActiveCfg = Debug|Any CPU
		{1B4AF630-8F4E-4881-862A-054F975B2F3C}.Debug|Any CPU.Build.0 = Debug|Any CPU
		{1B4AF630-8F4E-4881-862A-054F975B2F3C}.Release|Any CPU.ActiveCfg = Release|Any CPU
		{1B4AF630-8F4E-4881-862A-054F975B2F3C}.Release|Any CPU.Build.0 = Release|Any CPU
		{9846A485-3636-4A3E-8FA3-DF0376FE6576}.Debug|Any CPU.ActiveCfg = Debug|Any CPU
		{9846A485-3636-4A3E-8FA3-DF0376FE6576}.Debug|Any CPU.Build.0 = Debug|Any CPU
		{9846A485-3636-4A3E-8FA3-DF0376FE6576}.Release|Any CPU.ActiveCfg = Release|Any CPU
		{9846A485-3636-4A3E-8FA3-DF0376FE6576}.Release|Any CPU.Build.0 = Release|Any CPU
		{BC6F398E-4308-4CCC-8EE5-1529C5593D85}.Debug|Any CPU.ActiveCfg = Debug|Any CPU
		{BC6F398E-4308-4CCC-8EE5-1529C5593D85}.Debug|Any CPU.Build.0 = Debug|Any CPU
		{BC6F398E-4308-4CCC-8EE5-1529C5593D85}.Release|Any CPU.ActiveCfg = Release|Any CPU
		{BC6F398E-4308-4CCC-8EE5-1529C5593D85}.Release|Any CPU.Build.0 = Release|Any CPU
		{8233BB3C-2A0E-4EED-BC14-8728FBF851C9}.Debug|Any CPU.ActiveCfg = Debug|Any CPU
		{8233BB3C-2A0E-4EED-BC14-8728FBF851C9}.Debug|Any CPU.Build.0 = Debug|Any CPU
		{8233BB3C-2A0E-4EED-BC14-8728FBF851C9}.Release|Any CPU.ActiveCfg = Release|Any CPU
		{8233BB3C-2A0E-4EED-BC14-8728FBF851C9}.Release|Any CPU.Build.0 = Release|Any CPU
	EndGlobalSection
	GlobalSection(SolutionProperties) = preSolution
		HideSolutionNode = FALSE
	EndGlobalSection
	GlobalSection(NestedProjects) = preSolution
		{CBFB3FA0-9024-454F-A838-4096B6A4A8FB} = {CFBB2CB3-0AB0-40B7-B74B-83BB7E43ACDE}
		{4C9EFDFC-9FD6-4D57-9818-67E0188E3366} = {CBFB3FA0-9024-454F-A838-4096B6A4A8FB}
		{7B202CB1-FA7B-441D-8708-D12B8475B083} = {ABE68394-2E8E-43A4-891A-D47E5B76420F}
		{3F627481-7E47-4A3D-86C4-F8DC651D77AE} = {CFBB2CB3-0AB0-40B7-B74B-83BB7E43ACDE}
		{5FF8FA32-F4C2-48A5-8E10-82B28AE1C14F} = {3F627481-7E47-4A3D-86C4-F8DC651D77AE}
		{206B54A3-386D-472A-B8B5-F1AD9CB4F26A} = {CFBB2CB3-0AB0-40B7-B74B-83BB7E43ACDE}
		{A9E96889-D04C-4385-90F6-DDCEE567B575} = {206B54A3-386D-472A-B8B5-F1AD9CB4F26A}
		{54DA2ABC-B0A2-40A6-98B8-EB7C49CBB490} = {CFBB2CB3-0AB0-40B7-B74B-83BB7E43ACDE}
		{1B4AF630-8F4E-4881-862A-054F975B2F3C} = {54DA2ABC-B0A2-40A6-98B8-EB7C49CBB490}
		{9846A485-3636-4A3E-8FA3-DF0376FE6576} = {54DA2ABC-B0A2-40A6-98B8-EB7C49CBB490}
		{BC6F398E-4308-4CCC-8EE5-1529C5593D85} = {54DA2ABC-B0A2-40A6-98B8-EB7C49CBB490}
		{8233BB3C-2A0E-4EED-BC14-8728FBF851C9} = {54DA2ABC-B0A2-40A6-98B8-EB7C49CBB490}
	EndGlobalSection
	GlobalSection(ExtensibilityGlobals) = postSolution
		SolutionGuid = {4B85C0A6-F0C9-4337-8D66-3893B6C78271}
	EndGlobalSection
EndGlobal
